
Microsoft Visual Studio Solution File, Format Version 12.00
# Visual Studio 15
VisualStudioVersion = 15.0.26730.15
MinimumVisualStudioVersion = 10.0.40219.1
Project("{8BC9CEB8-8B4A-11D0-8D11-00A0C91BC942}") = "IntoTheSubject", "IntoTheSubject\IntoTheSubject.vcxproj", "{E74A9F10-5B2E-4128-9CCC-A35C81CE7AB2}"
EndProject
Global
	GlobalSection(SolutionConfigurationPlatforms) = preSolution
		Debug|x64 = Debug|x64
		Debug|x86 = Debug|x86
		Release|x64 = Release|x64
		Release|x86 = Release|x86
	EndGlobalSection
	GlobalSection(ProjectConfigurationPlatforms) = postSolution
		{E74A9F10-5B2E-4128-9CCC-A35C81CE7AB2}.Debug|x64.ActiveCfg = Debug|x64
		{E74A9F10-5B2E-4128-9CCC-A35C81CE7AB2}.Debug|x64.Build.0 = Debug|x64
		{E74A9F10-5B2E-4128-9CCC-A35C81CE7AB2}.Debug|x86.ActiveCfg = Debug|Win32
		{E74A9F10-5B2E-4128-9CCC-A35C81CE7AB2}.Debug|x86.Build.0 = Debug|Win32
		{E74A9F10-5B2E-4128-9CCC-A35C81CE7AB2}.Release|x64.ActiveCfg = Release|x64
		{E74A9F10-5B2E-4128-9CCC-A35C81CE7AB2}.Release|x64.Build.0 = Release|x64
		{E74A9F10-5B2E-4128-9CCC-A35C81CE7AB2}.Release|x86.ActiveCfg = Release|Win32
		{E74A9F10-5B2E-4128-9CCC-A35C81CE7AB2}.Release|x86.Build.0 = Release|Win32
	EndGlobalSection
	GlobalSection(SolutionProperties) = preSolution
		HideSolutionNode = FALSE
	EndGlobalSection
	GlobalSection(ExtensibilityGlobals) = postSolution
		SolutionGuid = {C1F9222D-F18B-4173-9183-BC29E2FA6FE4}
	EndGlobalSection
EndGlobal
